# This file was autogenerated by Stack.
# You should not edit this file by hand.
# For more information, please see the documentation at:
#   https://docs.haskellstack.org/en/stable/lock_files

packages:
- completed:
    hackage: discord-haskell-1.8.1@sha256:86d8777ce02ed404c81d02c7b9b0fd5f870e52c6e3a07d98ce3681a7873f7e0e,3562
    pantry-tree:
      size: 2107
      sha256: cfb24b8f065a15db36b7bdb442970cddf36f7c91f18eb2fca4a835f94f24f9a1
  original:
    hackage: discord-haskell-1.8.1@sha256:86d8777ce02ed404c81d02c7b9b0fd5f870e52c6e3a07d98ce3681a7873f7e0e,3562
- completed:
    hackage: gogol-0.5.0@sha256:01b38acf97ae0afb2465935fee1bebce03c1b84e629cf0887467be7ae361f0a7,3222
    pantry-tree:
      size: 1243
      sha256: ab472e169f12b97837cdfca2262b2d6fb569ae17876cbc10e97186944a401866
  original:
    hackage: gogol-0.5.0@sha256:01b38acf97ae0afb2465935fee1bebce03c1b84e629cf0887467be7ae361f0a7,3222
- completed:
    hackage: gogol-apps-calendar-0.5.0@sha256:7c02f3b58e832037f0ef5efd6ecf62529e0628699d1661cdf1bce0a7c879a234,3550
    pantry-tree:
      size: 4091
      sha256: ff2d575724ed9f39e1aaaecfc8eec711b3c3a21c31f9d941f224335d98a98559
  original:
    hackage: gogol-apps-calendar-0.5.0@sha256:7c02f3b58e832037f0ef5efd6ecf62529e0628699d1661cdf1bce0a7c879a234,3550
- completed:
    hackage: rrule-0.1.1@sha256:0ae1c1065364c818524d1f0f0bfcd3689b349d1a4abd0c43f024ca7396a2852b,1560
    pantry-tree:
      size: 458
      sha256: 6e84cc77568d34585bafef999deb203716bc4a7402e9752d1587d47d1e1185e1
  original:
    hackage: rrule-0.1.1@sha256:0ae1c1065364c818524d1f0f0bfcd3689b349d1a4abd0c43f024ca7396a2852b,1560
- completed:
    hackage: emoji-0.1.0.2@sha256:d995572a5c7dcd28f98eb15c6e387a7b3bda1ac2477ab0d9dba8580d5d7b161f,1273
    pantry-tree:
      size: 437
      sha256: dd9ea90a631342e5db0fc21331ade4d563a685e9125d5a3989eefa8e1b96c6c6
  original:
    hackage: emoji-0.1.0.2@sha256:d995572a5c7dcd28f98eb15c6e387a7b3bda1ac2477ab0d9dba8580d5d7b161f,1273
- completed:
    hackage: gogol-core-0.5.0@sha256:c0a919cd89a33de7fd6ee925abdb48b0eb5d1002a016124acbdff568f267e4c7,2821
    pantry-tree:
      size: 686
      sha256: f3c803da46a2df6987b72098b3e7c6c2c0aeb141335d2a0d5630b210401bc2c8
  original:
    hackage: gogol-core-0.5.0@sha256:c0a919cd89a33de7fd6ee925abdb48b0eb5d1002a016124acbdff568f267e4c7,2821
snapshots:
- completed:
    size: 532414
    url: https://raw.githubusercontent.com/commercialhaskell/stackage-snapshots/master/lts/16/22.yaml
    sha256: e483fb88549fc0f454c190979bf35ac91c7aceff2c0e71e7d8edd11842d772d8
  original: lts-16.22
